
Microsoft Visual Studio Solution File, Format Version 12.00
# Visual Studio Version 16
VisualStudioVersion = 16.0.31613.86
MinimumVisualStudioVersion = 10.0.40219.1
Project("{FAE04EC0-301F-11D3-BF4B-00C04F79EFBC}") = "Exam.Android", "Exam\Exam.Android\Exam.Android.csproj", "{11AC2E5E-6DDA-43B4-B655-92C81C7C7DAA}"
EndProject
Project("{FAE04EC0-301F-11D3-BF4B-00C04F79EFBC}") = "Exam", "Exam\Exam\Exam.csproj", "{4E6CD774-827D-45DC-AAA5-1CF113685862}"
EndProject
Global
	GlobalSection(SolutionConfigurationPlatforms) = preSolution
		Debug|Any CPU = Debug|Any CPU
		Release|Any CPU = Release|Any CPU
	EndGlobalSection
	GlobalSection(ProjectConfigurationPlatforms) = postSolution
		{11AC2E5E-6DDA-43B4-B655-92C81C7C7DAA}.Debug|Any CPU.ActiveCfg = Debug|Any CPU
		{11AC2E5E-6DDA-43B4-B655-92C81C7C7DAA}.Debug|Any CPU.Build.0 = Debug|Any CPU
		{11AC2E5E-6DDA-43B4-B655-92C81C7C7DAA}.Debug|Any CPU.Deploy.0 = Debug|Any CPU
		{11AC2E5E-6DDA-43B4-B655-92C81C7C7DAA}.Release|Any CPU.ActiveCfg = Release|Any CPU
		{11AC2E5E-6DDA-43B4-B655-92C81C7C7DAA}.Release|Any CPU.Build.0 = Release|Any CPU
		{11AC2E5E-6DDA-43B4-B655-92C81C7C7DAA}.Release|Any CPU.Deploy.0 = Release|Any CPU
		{4E6CD774-827D-45DC-AAA5-1CF113685862}.Debug|Any CPU.ActiveCfg = Debug|Any CPU
		{4E6CD774-827D-45DC-AAA5-1CF113685862}.Debug|Any CPU.Build.0 = Debug|Any CPU
		{4E6CD774-827D-45DC-AAA5-1CF113685862}.Debug|Any CPU.Deploy.0 = Debug|Any CPU
		{4E6CD774-827D-45DC-AAA5-1CF113685862}.Release|Any CPU.ActiveCfg = Release|Any CPU
		{4E6CD774-827D-45DC-AAA5-1CF113685862}.Release|Any CPU.Build.0 = Release|Any CPU
		{4E6CD774-827D-45DC-AAA5-1CF113685862}.Release|Any CPU.Deploy.0 = Release|Any CPU
	EndGlobalSection
	GlobalSection(SolutionProperties) = preSolution
		HideSolutionNode = FALSE
	EndGlobalSection
	GlobalSection(ExtensibilityGlobals) = postSolution
		SolutionGuid = {34463F4D-C1B3-4923-B557-0CA30FDAFE88}
	EndGlobalSection
EndGlobal
